
Microsoft Visual Studio Solution File, Format Version 12.00
# Visual Studio Version 17
VisualStudioVersion = 17.10.35004.147
MinimumVisualStudioVersion = 10.0.40219.1
Project("{2150E333-8FDC-42A3-9474-1A3956D46DE8}") = "_build", "_build", "{4C7533D8-3059-44EE-813F-3FC58BE882D0}"
	ProjectSection(SolutionItems) = preProject
		_build\OnBuild.ps1 = _build\OnBuild.ps1
	EndProjectSection
EndProject
Project("{9A19103F-16F7-4668-BE54-9A1E7A4F7556}") = "ReSharePoint", "ReSharePoint\ReSharePoint.csproj", "{DE9661D0-527D-46CD-8F9E-C5DCAB9D46D9}"
EndProject
Project("{FAE04EC0-301F-11D3-BF4B-00C04F79EFBC}") = "ReSharePoint.Entities", "ReSharePoint.Entities\ReSharePoint.Entities.csproj", "{2870606F-0CFA-4C6D-8933-AD07D024A8F8}"
EndProject
Project("{2150E333-8FDC-42A3-9474-1A3956D46DE8}") = ".nuget", ".nuget", "{AB440358-ED58-4F8A-A3A6-64ED336726E0}"
	ProjectSection(SolutionItems) = preProject
		.nuget\NuGet.Config = .nuget\NuGet.Config
		.nuget\NuGet.exe = .nuget\NuGet.exe
		.nuget\NuGet.targets = .nuget\NuGet.targets
	EndProjectSection
EndProject
Project("{2150E333-8FDC-42A3-9474-1A3956D46DE8}") = "Deploy", "Deploy", "{C5E26F8A-2080-483E-AA27-DFA500DB8C6E}"
	ProjectSection(SolutionItems) = preProject
		..\Deploy\BuildPackage.cmd = ..\Deploy\BuildPackage.cmd
	EndProjectSection
EndProject
Project("{2150E333-8FDC-42A3-9474-1A3956D46DE8}") = "Solution Items", "Solution Items", "{EA1EDB70-46D9-480C-8092-8AE82A7827AB}"
	ProjectSection(SolutionItems) = preProject
		..\README.md = ..\README.md
	EndProjectSection
EndProject
Project("{2150E333-8FDC-42A3-9474-1A3956D46DE8}") = "Documentation", "Documentation", "{51DCD449-2B5D-4EC3-B7EF-25A22B808368}"
	ProjectSection(SolutionItems) = preProject
		..\Documentation\faq.md = ..\Documentation\faq.md
		..\Documentation\known_issues.md = ..\Documentation\known_issues.md
		..\Documentation\readme.md = ..\Documentation\readme.md
	EndProjectSection
EndProject
Project("{2150E333-8FDC-42A3-9474-1A3956D46DE8}") = "Basic", "Basic", "{05B579CF-03F1-4943-ACE1-D5F866E69527}"
EndProject
Project("{2150E333-8FDC-42A3-9474-1A3956D46DE8}") = "ASP-NET", "ASP-NET", "{AB68BB7A-6D56-454C-85E1-F7F453A34C80}"
	ProjectSection(SolutionItems) = preProject
		..\Documentation\Basic\ASP-NET\readme.md = ..\Documentation\Basic\ASP-NET\readme.md
		..\Documentation\Basic\ASP-NET\RESP516902.md = ..\Documentation\Basic\ASP-NET\RESP516902.md
		..\Documentation\Basic\ASP-NET\RESP516905.md = ..\Documentation\Basic\ASP-NET\RESP516905.md
	EndProjectSection
EndProject
Project("{2150E333-8FDC-42A3-9474-1A3956D46DE8}") = "Code", "Code", "{14485FA0-900C-4757-8584-1794D8FEB47F}"
	ProjectSection(SolutionItems) = preProject
		..\Documentation\Basic\Code\readme.md = ..\Documentation\Basic\Code\readme.md
		..\Documentation\Basic\Code\RESP510201.md = ..\Documentation\Basic\Code\RESP510201.md
		..\Documentation\Basic\Code\RESP510202.md = ..\Documentation\Basic\Code\RESP510202.md
		..\Documentation\Basic\Code\RESP510203.md = ..\Documentation\Basic\Code\RESP510203.md
		..\Documentation\Basic\Code\RESP510204.md = ..\Documentation\Basic\Code\RESP510204.md
		..\Documentation\Basic\Code\RESP510205.md = ..\Documentation\Basic\Code\RESP510205.md
		..\Documentation\Basic\Code\RESP510206.md = ..\Documentation\Basic\Code\RESP510206.md
		..\Documentation\Basic\Code\RESP510208.md = ..\Documentation\Basic\Code\RESP510208.md
		..\Documentation\Basic\Code\RESP510209.md = ..\Documentation\Basic\Code\RESP510209.md
		..\Documentation\Basic\Code\RESP510210.md = ..\Documentation\Basic\Code\RESP510210.md
		..\Documentation\Basic\Code\RESP510212.md = ..\Documentation\Basic\Code\RESP510212.md
		..\Documentation\Basic\Code\RESP510213.md = ..\Documentation\Basic\Code\RESP510213.md
		..\Documentation\Basic\Code\RESP510218.md = ..\Documentation\Basic\Code\RESP510218.md
		..\Documentation\Basic\Code\RESP510222.md = ..\Documentation\Basic\Code\RESP510222.md
		..\Documentation\Basic\Code\RESP510223.md = ..\Documentation\Basic\Code\RESP510223.md
		..\Documentation\Basic\Code\RESP510225.md = ..\Documentation\Basic\Code\RESP510225.md
		..\Documentation\Basic\Code\RESP510226.md = ..\Documentation\Basic\Code\RESP510226.md
		..\Documentation\Basic\Code\RESP510227.md = ..\Documentation\Basic\Code\RESP510227.md
		..\Documentation\Basic\Code\RESP510228.md = ..\Documentation\Basic\Code\RESP510228.md
		..\Documentation\Basic\Code\RESP510232.md = ..\Documentation\Basic\Code\RESP510232.md
		..\Documentation\Basic\Code\RESP510234.md = ..\Documentation\Basic\Code\RESP510234.md
		..\Documentation\Basic\Code\RESP510235.md = ..\Documentation\Basic\Code\RESP510235.md
		..\Documentation\Basic\Code\RESP510236.md = ..\Documentation\Basic\Code\RESP510236.md
		..\Documentation\Basic\Code\RESP510238.md = ..\Documentation\Basic\Code\RESP510238.md
		..\Documentation\Basic\Code\RESP510239.md = ..\Documentation\Basic\Code\RESP510239.md
		..\Documentation\Basic\Code\RESP510240.md = ..\Documentation\Basic\Code\RESP510240.md
		..\Documentation\Basic\Code\RESP510241.md = ..\Documentation\Basic\Code\RESP510241.md
		..\Documentation\Basic\Code\RESP510242.md = ..\Documentation\Basic\Code\RESP510242.md
		..\Documentation\Basic\Code\RESP510243.md = ..\Documentation\Basic\Code\RESP510243.md
		..\Documentation\Basic\Code\RESP510244.md = ..\Documentation\Basic\Code\RESP510244.md
		..\Documentation\Basic\Code\RESP510245.md = ..\Documentation\Basic\Code\RESP510245.md
		..\Documentation\Basic\Code\RESP510247.md = ..\Documentation\Basic\Code\RESP510247.md
		..\Documentation\Basic\Code\RESP510249.md = ..\Documentation\Basic\Code\RESP510249.md
		..\Documentation\Basic\Code\RESP510250.md = ..\Documentation\Basic\Code\RESP510250.md
		..\Documentation\Basic\Code\RESP510251.md = ..\Documentation\Basic\Code\RESP510251.md
		..\Documentation\Basic\Code\RESP510252.md = ..\Documentation\Basic\Code\RESP510252.md
		..\Documentation\Basic\Code\RESP510253.md = ..\Documentation\Basic\Code\RESP510253.md
		..\Documentation\Basic\Code\RESP510254.md = ..\Documentation\Basic\Code\RESP510254.md
		..\Documentation\Basic\Code\RESP510255.md = ..\Documentation\Basic\Code\RESP510255.md
		..\Documentation\Basic\Code\RESP510256.md = ..\Documentation\Basic\Code\RESP510256.md
		..\Documentation\Basic\Code\RESP510257.md = ..\Documentation\Basic\Code\RESP510257.md
		..\Documentation\Basic\Code\RESP510258.md = ..\Documentation\Basic\Code\RESP510258.md
		..\Documentation\Basic\Code\RESP510259.md = ..\Documentation\Basic\Code\RESP510259.md
		..\Documentation\Basic\Code\RESP510261.md = ..\Documentation\Basic\Code\RESP510261.md
		..\Documentation\Basic\Code\RESP512101.md = ..\Documentation\Basic\Code\RESP512101.md
	EndProjectSection
EndProject
Project("{2150E333-8FDC-42A3-9474-1A3956D46DE8}") = "JavaScript", "JavaScript", "{B9F9207D-C912-4B8D-9A6C-F27126C830D6}"
	ProjectSection(SolutionItems) = preProject
		..\Documentation\Basic\JavaScript\readme.md = ..\Documentation\Basic\JavaScript\readme.md
	EndProjectSection
EndProject
Project("{2150E333-8FDC-42A3-9474-1A3956D46DE8}") = "Xml", "Xml", "{C8D6DDDA-1A1B-4C7E-86B0-A6ABCF263BAD}"
	ProjectSection(SolutionItems) = preProject
		..\Documentation\Basic\Xml\readme.md = ..\Documentation\Basic\Xml\readme.md
		..\Documentation\Basic\Xml\RESP515108.md = ..\Documentation\Basic\Xml\RESP515108.md
		..\Documentation\Basic\Xml\RESP515115.md = ..\Documentation\Basic\Xml\RESP515115.md
		..\Documentation\Basic\Xml\RESP515201.md = ..\Documentation\Basic\Xml\RESP515201.md
		..\Documentation\Basic\Xml\RESP515205.md = ..\Documentation\Basic\Xml\RESP515205.md
		..\Documentation\Basic\Xml\RESP515403.md = ..\Documentation\Basic\Xml\RESP515403.md
	EndProjectSection
EndProject
Project("{2150E333-8FDC-42A3-9474-1A3956D46DE8}") = "Extras", "Extras", "{DAA47A46-2CD0-4A96-BAE5-04620C47A2F3}"
EndProject
Project("{2150E333-8FDC-42A3-9474-1A3956D46DE8}") = "CodeCompletion", "CodeCompletion", "{CFCE0C05-7659-4E65-AE91-D1D77BC94B41}"
EndProject
Project("{2150E333-8FDC-42A3-9474-1A3956D46DE8}") = "LiveTemplates", "LiveTemplates", "{D795EB8B-6751-44EC-A60B-68C847385C45}"
	ProjectSection(SolutionItems) = preProject
		..\Documentation\Extras\LiveTemplates\new_site.md = ..\Documentation\Extras\LiveTemplates\new_site.md
		..\Documentation\Extras\LiveTemplates\new_site_and_web.md = ..\Documentation\Extras\LiveTemplates\new_site_and_web.md
		..\Documentation\Extras\LiveTemplates\new_web.md = ..\Documentation\Extras\LiveTemplates\new_web.md
		..\Documentation\Extras\LiveTemplates\readme.md = ..\Documentation\Extras\LiveTemplates\readme.md
		..\Documentation\Extras\LiveTemplates\spsecurity_runwithelevatedprivileges.md = ..\Documentation\Extras\LiveTemplates\spsecurity_runwithelevatedprivileges.md
	EndProjectSection
EndProject
Global
	GlobalSection(SolutionConfigurationPlatforms) = preSolution
		Debug|Any CPU = Debug|Any CPU
		Release|Any CPU = Release|Any CPU
	EndGlobalSection
	GlobalSection(ProjectConfigurationPlatforms) = postSolution
		{DE9661D0-527D-46CD-8F9E-C5DCAB9D46D9}.Debug|Any CPU.ActiveCfg = Debug|Any CPU
		{DE9661D0-527D-46CD-8F9E-C5DCAB9D46D9}.Debug|Any CPU.Build.0 = Debug|Any CPU
		{DE9661D0-527D-46CD-8F9E-C5DCAB9D46D9}.Release|Any CPU.ActiveCfg = Release|Any CPU
		{DE9661D0-527D-46CD-8F9E-C5DCAB9D46D9}.Release|Any CPU.Build.0 = Release|Any CPU
		{2870606F-0CFA-4C6D-8933-AD07D024A8F8}.Debug|Any CPU.ActiveCfg = Debug|Any CPU
		{2870606F-0CFA-4C6D-8933-AD07D024A8F8}.Debug|Any CPU.Build.0 = Debug|Any CPU
		{2870606F-0CFA-4C6D-8933-AD07D024A8F8}.Release|Any CPU.ActiveCfg = Release|Any CPU
		{2870606F-0CFA-4C6D-8933-AD07D024A8F8}.Release|Any CPU.Build.0 = Release|Any CPU
	EndGlobalSection
	GlobalSection(SolutionProperties) = preSolution
		HideSolutionNode = FALSE
	EndGlobalSection
	GlobalSection(NestedProjects) = preSolution
		{05B579CF-03F1-4943-ACE1-D5F866E69527} = {51DCD449-2B5D-4EC3-B7EF-25A22B808368}
		{AB68BB7A-6D56-454C-85E1-F7F453A34C80} = {05B579CF-03F1-4943-ACE1-D5F866E69527}
		{14485FA0-900C-4757-8584-1794D8FEB47F} = {05B579CF-03F1-4943-ACE1-D5F866E69527}
		{B9F9207D-C912-4B8D-9A6C-F27126C830D6} = {05B579CF-03F1-4943-ACE1-D5F866E69527}
		{C8D6DDDA-1A1B-4C7E-86B0-A6ABCF263BAD} = {05B579CF-03F1-4943-ACE1-D5F866E69527}
		{DAA47A46-2CD0-4A96-BAE5-04620C47A2F3} = {51DCD449-2B5D-4EC3-B7EF-25A22B808368}
		{CFCE0C05-7659-4E65-AE91-D1D77BC94B41} = {DAA47A46-2CD0-4A96-BAE5-04620C47A2F3}
		{D795EB8B-6751-44EC-A60B-68C847385C45} = {DAA47A46-2CD0-4A96-BAE5-04620C47A2F3}
	EndGlobalSection
	GlobalSection(ExtensibilityGlobals) = postSolution
		SolutionGuid = {A2F19CA9-2EC0-4C0A-8470-8B5EC8F9753F}
	EndGlobalSection
EndGlobal
