
Microsoft Visual Studio Solution File, Format Version 12.00
# Visual Studio Version 17
VisualStudioVersion = 17.10.35004.147
MinimumVisualStudioVersion = 10.0.40219.1
Project("{2150E333-8FDC-42A3-9474-1A3956D46DE8}") = "_build", "_build", "{4C7533D8-3059-44EE-813F-3FC58BE882D0}"
	ProjectSection(SolutionItems) = preProject
		_build\OnBuild.ps1 = _build\OnBuild.ps1
	EndProjectSection
EndProject
Project("{9A19103F-16F7-4668-BE54-9A1E7A4F7556}") = "ReSharePoint", "ReSharePoint\ReSharePoint.csproj", "{DE9661D0-527D-46CD-8F9E-C5DCAB9D46D9}"
EndProject
Project("{FAE04EC0-301F-11D3-BF4B-00C04F79EFBC}") = "ReSharePoint.Entities", "ReSharePoint.Entities\ReSharePoint.Entities.csproj", "{2870606F-0CFA-4C6D-8933-AD07D024A8F8}"
EndProject
Project("{2150E333-8FDC-42A3-9474-1A3956D46DE8}") = ".nuget", ".nuget", "{AB440358-ED58-4F8A-A3A6-64ED336726E0}"
	ProjectSection(SolutionItems) = preProject
		.nuget\NuGet.Config = .nuget\NuGet.Config
		.nuget\NuGet.exe = .nuget\NuGet.exe
		.nuget\NuGet.targets = .nuget\NuGet.targets
	EndProjectSection
EndProject
Project("{2150E333-8FDC-42A3-9474-1A3956D46DE8}") = "Deploy", "Deploy", "{C5E26F8A-2080-483E-AA27-DFA500DB8C6E}"
	ProjectSection(SolutionItems) = preProject
		..\Deploy\BuildPackage.cmd = ..\Deploy\BuildPackage.cmd
	EndProjectSection
EndProject
Project("{2150E333-8FDC-42A3-9474-1A3956D46DE8}") = "Solution Items", "Solution Items", "{EA1EDB70-46D9-480C-8092-8AE82A7827AB}"
	ProjectSection(SolutionItems) = preProject
		..\README.md = ..\README.md
	EndProjectSection
EndProject
Project("{2150E333-8FDC-42A3-9474-1A3956D46DE8}") = "Documentation", "Documentation", "{E0DE367D-303C-471D-8D9E-9302746EF379}"
EndProject
Project("{2150E333-8FDC-42A3-9474-1A3956D46DE8}") = "Basic", "Basic", "{28023EE5-8DEA-44F8-BAA5-8320532E45B6}"
EndProject
Project("{2150E333-8FDC-42A3-9474-1A3956D46DE8}") = "ASP-NET", "ASP-NET", "{1F0BCACA-1BB0-4328-9658-CEF4F39C2CC5}"
	ProjectSection(SolutionItems) = preProject
		..\Documentation\Basic\ASP-NET\readme.md = ..\Documentation\Basic\ASP-NET\readme.md
		..\Documentation\Basic\ASP-NET\RESP516902.md = ..\Documentation\Basic\ASP-NET\RESP516902.md
		..\Documentation\Basic\ASP-NET\RESP516905.md = ..\Documentation\Basic\ASP-NET\RESP516905.md
	EndProjectSection
EndProject
Project("{2150E333-8FDC-42A3-9474-1A3956D46DE8}") = "Code", "Code", "{92EC1456-1055-4389-BC6A-D35A48AA1EE5}"
	ProjectSection(SolutionItems) = preProject
		..\Documentation\Basic\Code\readme.md = ..\Documentation\Basic\Code\readme.md
		..\Documentation\Basic\Code\RESP510201.md = ..\Documentation\Basic\Code\RESP510201.md
		..\Documentation\Basic\Code\RESP510202.md = ..\Documentation\Basic\Code\RESP510202.md
		..\Documentation\Basic\Code\RESP510203.md = ..\Documentation\Basic\Code\RESP510203.md
		..\Documentation\Basic\Code\RESP510204.md = ..\Documentation\Basic\Code\RESP510204.md
		..\Documentation\Basic\Code\RESP510205.md = ..\Documentation\Basic\Code\RESP510205.md
		..\Documentation\Basic\Code\RESP510206.md = ..\Documentation\Basic\Code\RESP510206.md
		..\Documentation\Basic\Code\RESP510208.md = ..\Documentation\Basic\Code\RESP510208.md
		..\Documentation\Basic\Code\RESP510209.md = ..\Documentation\Basic\Code\RESP510209.md
		..\Documentation\Basic\Code\RESP510210.md = ..\Documentation\Basic\Code\RESP510210.md
		..\Documentation\Basic\Code\RESP510212.md = ..\Documentation\Basic\Code\RESP510212.md
		..\Documentation\Basic\Code\RESP510213.md = ..\Documentation\Basic\Code\RESP510213.md
		..\Documentation\Basic\Code\RESP510218.md = ..\Documentation\Basic\Code\RESP510218.md
		..\Documentation\Basic\Code\RESP510222.md = ..\Documentation\Basic\Code\RESP510222.md
		..\Documentation\Basic\Code\RESP510223.md = ..\Documentation\Basic\Code\RESP510223.md
		..\Documentation\Basic\Code\RESP510225.md = ..\Documentation\Basic\Code\RESP510225.md
		..\Documentation\Basic\Code\RESP510226.md = ..\Documentation\Basic\Code\RESP510226.md
		..\Documentation\Basic\Code\RESP510227.md = ..\Documentation\Basic\Code\RESP510227.md
		..\Documentation\Basic\Code\RESP510228.md = ..\Documentation\Basic\Code\RESP510228.md
		..\Documentation\Basic\Code\RESP510232.md = ..\Documentation\Basic\Code\RESP510232.md
		..\Documentation\Basic\Code\RESP510234.md = ..\Documentation\Basic\Code\RESP510234.md
		..\Documentation\Basic\Code\RESP510235.md = ..\Documentation\Basic\Code\RESP510235.md
		..\Documentation\Basic\Code\RESP510236.md = ..\Documentation\Basic\Code\RESP510236.md
		..\Documentation\Basic\Code\RESP510238.md = ..\Documentation\Basic\Code\RESP510238.md
		..\Documentation\Basic\Code\RESP510239.md = ..\Documentation\Basic\Code\RESP510239.md
		..\Documentation\Basic\Code\RESP510240.md = ..\Documentation\Basic\Code\RESP510240.md
		..\Documentation\Basic\Code\RESP510241.md = ..\Documentation\Basic\Code\RESP510241.md
		..\Documentation\Basic\Code\RESP510242.md = ..\Documentation\Basic\Code\RESP510242.md
		..\Documentation\Basic\Code\RESP510243.md = ..\Documentation\Basic\Code\RESP510243.md
		..\Documentation\Basic\Code\RESP510244.md = ..\Documentation\Basic\Code\RESP510244.md
		..\Documentation\Basic\Code\RESP510245.md = ..\Documentation\Basic\Code\RESP510245.md
		..\Documentation\Basic\Code\RESP510247.md = ..\Documentation\Basic\Code\RESP510247.md
		..\Documentation\Basic\Code\RESP510249.md = ..\Documentation\Basic\Code\RESP510249.md
		..\Documentation\Basic\Code\RESP510250.md = ..\Documentation\Basic\Code\RESP510250.md
		..\Documentation\Basic\Code\RESP510251.md = ..\Documentation\Basic\Code\RESP510251.md
		..\Documentation\Basic\Code\RESP510252.md = ..\Documentation\Basic\Code\RESP510252.md
		..\Documentation\Basic\Code\RESP510253.md = ..\Documentation\Basic\Code\RESP510253.md
		..\Documentation\Basic\Code\RESP510254.md = ..\Documentation\Basic\Code\RESP510254.md
		..\Documentation\Basic\Code\RESP510255.md = ..\Documentation\Basic\Code\RESP510255.md
		..\Documentation\Basic\Code\RESP510256.md = ..\Documentation\Basic\Code\RESP510256.md
		..\Documentation\Basic\Code\RESP510257.md = ..\Documentation\Basic\Code\RESP510257.md
		..\Documentation\Basic\Code\RESP510258.md = ..\Documentation\Basic\Code\RESP510258.md
		..\Documentation\Basic\Code\RESP510259.md = ..\Documentation\Basic\Code\RESP510259.md
		..\Documentation\Basic\Code\RESP510261.md = ..\Documentation\Basic\Code\RESP510261.md
		..\Documentation\Basic\Code\RESP512101.md = ..\Documentation\Basic\Code\RESP512101.md
	EndProjectSection
EndProject
Project("{2150E333-8FDC-42A3-9474-1A3956D46DE8}") = "JavaScript", "JavaScript", "{D9FEF5D9-2ABA-424A-9E3A-6DBCB162F307}"
	ProjectSection(SolutionItems) = preProject
		..\Documentation\Basic\JavaScript\readme.md = ..\Documentation\Basic\JavaScript\readme.md
	EndProjectSection
EndProject
Global
	GlobalSection(SolutionConfigurationPlatforms) = preSolution
		Debug|Any CPU = Debug|Any CPU
		Release|Any CPU = Release|Any CPU
	EndGlobalSection
	GlobalSection(ProjectConfigurationPlatforms) = postSolution
		{DE9661D0-527D-46CD-8F9E-C5DCAB9D46D9}.Debug|Any CPU.ActiveCfg = Debug|Any CPU
		{DE9661D0-527D-46CD-8F9E-C5DCAB9D46D9}.Debug|Any CPU.Build.0 = Debug|Any CPU
		{DE9661D0-527D-46CD-8F9E-C5DCAB9D46D9}.Release|Any CPU.ActiveCfg = Release|Any CPU
		{DE9661D0-527D-46CD-8F9E-C5DCAB9D46D9}.Release|Any CPU.Build.0 = Release|Any CPU
		{2870606F-0CFA-4C6D-8933-AD07D024A8F8}.Debug|Any CPU.ActiveCfg = Debug|Any CPU
		{2870606F-0CFA-4C6D-8933-AD07D024A8F8}.Debug|Any CPU.Build.0 = Debug|Any CPU
		{2870606F-0CFA-4C6D-8933-AD07D024A8F8}.Release|Any CPU.ActiveCfg = Release|Any CPU
		{2870606F-0CFA-4C6D-8933-AD07D024A8F8}.Release|Any CPU.Build.0 = Release|Any CPU
	EndGlobalSection
	GlobalSection(SolutionProperties) = preSolution
		HideSolutionNode = FALSE
	EndGlobalSection
	GlobalSection(NestedProjects) = preSolution
		{28023EE5-8DEA-44F8-BAA5-8320532E45B6} = {E0DE367D-303C-471D-8D9E-9302746EF379}
		{1F0BCACA-1BB0-4328-9658-CEF4F39C2CC5} = {28023EE5-8DEA-44F8-BAA5-8320532E45B6}
		{92EC1456-1055-4389-BC6A-D35A48AA1EE5} = {28023EE5-8DEA-44F8-BAA5-8320532E45B6}
		{D9FEF5D9-2ABA-424A-9E3A-6DBCB162F307} = {28023EE5-8DEA-44F8-BAA5-8320532E45B6}
	EndGlobalSection
	GlobalSection(ExtensibilityGlobals) = postSolution
		SolutionGuid = {A2F19CA9-2EC0-4C0A-8470-8B5EC8F9753F}
	EndGlobalSection
EndGlobal
